
Microsoft Visual Studio Solution File, Format Version 12.00
# Visual Studio 2013
VisualStudioVersion = 12.0.31101.0
MinimumVisualStudioVersion = 10.0.40219.1
Project("{8BC9CEB8-8B4A-11D0-8D11-00A0C91BC942}") = "TareaIV", "TareaIV\TareaIV.vcxproj", "{EA5FB18A-13DD-4E7D-ACA4-DC3C521CBB65}"
EndProject
Global
	GlobalSection(SolutionConfigurationPlatforms) = preSolution
		Debug|Win32 = Debug|Win32
		Release|Win32 = Release|Win32
	EndGlobalSection
	GlobalSection(ProjectConfigurationPlatforms) = postSolution
		{EA5FB18A-13DD-4E7D-ACA4-DC3C521CBB65}.Debug|Win32.ActiveCfg = Debug|Win32
		{EA5FB18A-13DD-4E7D-ACA4-DC3C521CBB65}.Debug|Win32.Build.0 = Debug|Win32
		{EA5FB18A-13DD-4E7D-ACA4-DC3C521CBB65}.Release|Win32.ActiveCfg = Release|Win32
		{EA5FB18A-13DD-4E7D-ACA4-DC3C521CBB65}.Release|Win32.Build.0 = Release|Win32
	EndGlobalSection
	GlobalSection(SolutionProperties) = preSolution
		HideSolutionNode = FALSE
	EndGlobalSection
EndGlobal
