
Microsoft Visual Studio Solution File, Format Version 11.00
# Visual Studio 2010
Project("{8BC9CEB8-8B4A-11D0-8D11-00A0C91BC942}") = "App_ExampleBrowser", "App_ExampleBrowser.vcxproj", "{FBEE6E2C-7245-DA46-9A35-6C3E996A419E}"
	ProjectSection(ProjectDependencies) = postProject
		{4829BAF4-9CBC-AE42-9903-B27A99C40F6B} = {4829BAF4-9CBC-AE42-9903-B27A99C40F6B}
		{000FFB9C-FF14-834D-937A-63383BCBAAA8} = {000FFB9C-FF14-834D-937A-63383BCBAAA8}
		{5A014F73-C7DC-D84D-B1D9-B5733D83EF51} = {5A014F73-C7DC-D84D-B1D9-B5733D83EF51}
		{A0938D27-4CF8-7040-98EF-7AE5476653AB} = {A0938D27-4CF8-7040-98EF-7AE5476653AB}
		{973B3893-E435-0A45-B0A8-1C2399661E42} = {973B3893-E435-0A45-B0A8-1C2399661E42}
		{FC66954C-56CC-464C-9219-3F206F415E44} = {FC66954C-56CC-464C-9219-3F206F415E44}
		{599D357B-B762-764E-A91D-F3C9D9F5F8A9} = {599D357B-B762-764E-A91D-F3C9D9F5F8A9}
		{59BF10C7-992D-7E42-9872-A54CA34281E7} = {59BF10C7-992D-7E42-9872-A54CA34281E7}
		{BC3D6675-4EDA-3D43-8D26-9676A1B1882E} = {BC3D6675-4EDA-3D43-8D26-9676A1B1882E}
		{8AEBA98D-3BC3-624A-BEF3-CED80B0BEC17} = {8AEBA98D-3BC3-624A-BEF3-CED80B0BEC17}
		{0949C565-9EE3-8949-A819-763BD0BDC143} = {0949C565-9EE3-8949-A819-763BD0BDC143}
	EndProjectSection
EndProject
Project("{8BC9CEB8-8B4A-11D0-8D11-00A0C91BC942}") = "OpenGL_Window", "OpenGL_Window.vcxproj", "{000FFB9C-FF14-834D-937A-63383BCBAAA8}"
EndProject
Project("{8BC9CEB8-8B4A-11D0-8D11-00A0C91BC942}") = "App_SharedMemoryPhysics", "App_SharedMemoryPhysics.vcxproj", "{7687072F-970B-3D41-B6AD-614856C42BB4}"
	ProjectSection(ProjectDependencies) = postProject
		{599D357B-B762-764E-A91D-F3C9D9F5F8A9} = {599D357B-B762-764E-A91D-F3C9D9F5F8A9}
		{A0938D27-4CF8-7040-98EF-7AE5476653AB} = {A0938D27-4CF8-7040-98EF-7AE5476653AB}
		{973B3893-E435-0A45-B0A8-1C2399661E42} = {973B3893-E435-0A45-B0A8-1C2399661E42}
		{FC66954C-56CC-464C-9219-3F206F415E44} = {FC66954C-56CC-464C-9219-3F206F415E44}
	EndProjectSection
EndProject
Project("{8BC9CEB8-8B4A-11D0-8D11-00A0C91BC942}") = "gwen", "gwen.vcxproj", "{4829BAF4-9CBC-AE42-9903-B27A99C40F6B}"
EndProject
Project("{8BC9CEB8-8B4A-11D0-8D11-00A0C91BC942}") = "App_HelloWorld", "App_HelloWorld.vcxproj", "{F696E675-F410-EB4B-9725-457858104290}"
	ProjectSection(ProjectDependencies) = postProject
		{A0938D27-4CF8-7040-98EF-7AE5476653AB} = {A0938D27-4CF8-7040-98EF-7AE5476653AB}
		{973B3893-E435-0A45-B0A8-1C2399661E42} = {973B3893-E435-0A45-B0A8-1C2399661E42}
		{FC66954C-56CC-464C-9219-3F206F415E44} = {FC66954C-56CC-464C-9219-3F206F415E44}
	EndProjectSection
EndProject
Project("{8BC9CEB8-8B4A-11D0-8D11-00A0C91BC942}") = "App_BasicExample", "App_BasicExample.vcxproj", "{EEEE6245-64B4-DA43-AB57-3800EEBFA514}"
	ProjectSection(ProjectDependencies) = postProject
		{A0938D27-4CF8-7040-98EF-7AE5476653AB} = {A0938D27-4CF8-7040-98EF-7AE5476653AB}
		{973B3893-E435-0A45-B0A8-1C2399661E42} = {973B3893-E435-0A45-B0A8-1C2399661E42}
		{FC66954C-56CC-464C-9219-3F206F415E44} = {FC66954C-56CC-464C-9219-3F206F415E44}
	EndProjectSection
EndProject
Project("{8BC9CEB8-8B4A-11D0-8D11-00A0C91BC942}") = "Bullet3Common", "Bullet3Common.vcxproj", "{599D357B-B762-764E-A91D-F3C9D9F5F8A9}"
EndProject
Project("{8BC9CEB8-8B4A-11D0-8D11-00A0C91BC942}") = "Bullet3Geometry", "Bullet3Geometry.vcxproj", "{0949C565-9EE3-8949-A819-763BD0BDC143}"
EndProject
Project("{8BC9CEB8-8B4A-11D0-8D11-00A0C91BC942}") = "Bullet3Collision", "Bullet3Collision.vcxproj", "{8AEBA98D-3BC3-624A-BEF3-CED80B0BEC17}"
EndProject
Project("{8BC9CEB8-8B4A-11D0-8D11-00A0C91BC942}") = "Bullet3Dynamics", "Bullet3Dynamics.vcxproj", "{BC3D6675-4EDA-3D43-8D26-9676A1B1882E}"
EndProject
Project("{8BC9CEB8-8B4A-11D0-8D11-00A0C91BC942}") = "Bullet3OpenCL_clew", "Bullet3OpenCL_clew.vcxproj", "{59BF10C7-992D-7E42-9872-A54CA34281E7}"
EndProject
Project("{8BC9CEB8-8B4A-11D0-8D11-00A0C91BC942}") = "Bullet2FileLoader", "Bullet2FileLoader.vcxproj", "{4C3890E2-B9B7-9645-964F-15929AA49A9C}"
EndProject
Project("{8BC9CEB8-8B4A-11D0-8D11-00A0C91BC942}") = "gtest", "gtest.vcxproj", "{1F60E6AA-55BE-F54F-9859-8BE226F99290}"
EndProject
Project("{8BC9CEB8-8B4A-11D0-8D11-00A0C91BC942}") = "Test_BulletCollision", "Test_BulletCollision.vcxproj", "{81A7AD97-513F-3C43-B82E-7075B980C236}"
	ProjectSection(ProjectDependencies) = postProject
		{FC66954C-56CC-464C-9219-3F206F415E44} = {FC66954C-56CC-464C-9219-3F206F415E44}
		{1F60E6AA-55BE-F54F-9859-8BE226F99290} = {1F60E6AA-55BE-F54F-9859-8BE226F99290}
	EndProjectSection
EndProject
Project("{8BC9CEB8-8B4A-11D0-8D11-00A0C91BC942}") = "Test_OpenCL_Bullet3", "Test_OpenCL_Bullet3.vcxproj", "{6E0763F6-8874-7042-B309-57268F2A3ED1}"
	ProjectSection(ProjectDependencies) = postProject
		{1F60E6AA-55BE-F54F-9859-8BE226F99290} = {1F60E6AA-55BE-F54F-9859-8BE226F99290}
		{59BF10C7-992D-7E42-9872-A54CA34281E7} = {59BF10C7-992D-7E42-9872-A54CA34281E7}
		{599D357B-B762-764E-A91D-F3C9D9F5F8A9} = {599D357B-B762-764E-A91D-F3C9D9F5F8A9}
	EndProjectSection
EndProject
Project("{8BC9CEB8-8B4A-11D0-8D11-00A0C91BC942}") = "Test_Gwen_OpenGL", "Test_Gwen_OpenGL.vcxproj", "{041FCA72-517C-AE40-BB96-BFA18E87AF0C}"
	ProjectSection(ProjectDependencies) = postProject
		{4829BAF4-9CBC-AE42-9903-B27A99C40F6B} = {4829BAF4-9CBC-AE42-9903-B27A99C40F6B}
	EndProjectSection
EndProject
Project("{8BC9CEB8-8B4A-11D0-8D11-00A0C91BC942}") = "Test_LinearMath", "Test_LinearMath.vcxproj", "{C6C5E50F-8016-8948-A230-67C625266B36}"
	ProjectSection(ProjectDependencies) = postProject
		{A0938D27-4CF8-7040-98EF-7AE5476653AB} = {A0938D27-4CF8-7040-98EF-7AE5476653AB}
		{973B3893-E435-0A45-B0A8-1C2399661E42} = {973B3893-E435-0A45-B0A8-1C2399661E42}
		{FC66954C-56CC-464C-9219-3F206F415E44} = {FC66954C-56CC-464C-9219-3F206F415E44}
	EndProjectSection
EndProject
Project("{8BC9CEB8-8B4A-11D0-8D11-00A0C91BC942}") = "BulletSoftBody", "BulletSoftBody.vcxproj", "{5A014F73-C7DC-D84D-B1D9-B5733D83EF51}"
EndProject
Project("{8BC9CEB8-8B4A-11D0-8D11-00A0C91BC942}") = "BulletDynamics", "BulletDynamics.vcxproj", "{A0938D27-4CF8-7040-98EF-7AE5476653AB}"
EndProject
Project("{8BC9CEB8-8B4A-11D0-8D11-00A0C91BC942}") = "BulletCollision", "BulletCollision.vcxproj", "{973B3893-E435-0A45-B0A8-1C2399661E42}"
EndProject
Project("{8BC9CEB8-8B4A-11D0-8D11-00A0C91BC942}") = "LinearMath", "LinearMath.vcxproj", "{FC66954C-56CC-464C-9219-3F206F415E44}"
EndProject
Global
	GlobalSection(SolutionConfigurationPlatforms) = preSolution
		Release|Win32 = Release|Win32
		Release|x64 = Release|x64
		Debug|Win32 = Debug|Win32
		Debug|x64 = Debug|x64
	EndGlobalSection
	GlobalSection(ProjectConfigurationPlatforms) = postSolution
		{FBEE6E2C-7245-DA46-9A35-6C3E996A419E}.Release|Win32.ActiveCfg = Release|Win32
		{FBEE6E2C-7245-DA46-9A35-6C3E996A419E}.Release|Win32.Build.0 = Release|Win32
		{FBEE6E2C-7245-DA46-9A35-6C3E996A419E}.Release|x64.ActiveCfg = Release|x64
		{FBEE6E2C-7245-DA46-9A35-6C3E996A419E}.Release|x64.Build.0 = Release|x64
		{FBEE6E2C-7245-DA46-9A35-6C3E996A419E}.Debug|Win32.ActiveCfg = Debug|Win32
		{FBEE6E2C-7245-DA46-9A35-6C3E996A419E}.Debug|Win32.Build.0 = Debug|Win32
		{FBEE6E2C-7245-DA46-9A35-6C3E996A419E}.Debug|x64.ActiveCfg = Debug|x64
		{FBEE6E2C-7245-DA46-9A35-6C3E996A419E}.Debug|x64.Build.0 = Debug|x64
		{000FFB9C-FF14-834D-937A-63383BCBAAA8}.Release|Win32.ActiveCfg = Release|Win32
		{000FFB9C-FF14-834D-937A-63383BCBAAA8}.Release|Win32.Build.0 = Release|Win32
		{000FFB9C-FF14-834D-937A-63383BCBAAA8}.Release|x64.ActiveCfg = Release|x64
		{000FFB9C-FF14-834D-937A-63383BCBAAA8}.Release|x64.Build.0 = Release|x64
		{000FFB9C-FF14-834D-937A-63383BCBAAA8}.Debug|Win32.ActiveCfg = Debug|Win32
		{000FFB9C-FF14-834D-937A-63383BCBAAA8}.Debug|Win32.Build.0 = Debug|Win32
		{000FFB9C-FF14-834D-937A-63383BCBAAA8}.Debug|x64.ActiveCfg = Debug|x64
		{000FFB9C-FF14-834D-937A-63383BCBAAA8}.Debug|x64.Build.0 = Debug|x64
		{7687072F-970B-3D41-B6AD-614856C42BB4}.Release|Win32.ActiveCfg = Release|Win32
		{7687072F-970B-3D41-B6AD-614856C42BB4}.Release|Win32.Build.0 = Release|Win32
		{7687072F-970B-3D41-B6AD-614856C42BB4}.Release|x64.ActiveCfg = Release|x64
		{7687072F-970B-3D41-B6AD-614856C42BB4}.Release|x64.Build.0 = Release|x64
		{7687072F-970B-3D41-B6AD-614856C42BB4}.Debug|Win32.ActiveCfg = Debug|Win32
		{7687072F-970B-3D41-B6AD-614856C42BB4}.Debug|Win32.Build.0 = Debug|Win32
		{7687072F-970B-3D41-B6AD-614856C42BB4}.Debug|x64.ActiveCfg = Debug|x64
		{7687072F-970B-3D41-B6AD-614856C42BB4}.Debug|x64.Build.0 = Debug|x64
		{4829BAF4-9CBC-AE42-9903-B27A99C40F6B}.Release|Win32.ActiveCfg = Release|Win32
		{4829BAF4-9CBC-AE42-9903-B27A99C40F6B}.Release|Win32.Build.0 = Release|Win32
		{4829BAF4-9CBC-AE42-9903-B27A99C40F6B}.Release|x64.ActiveCfg = Release|x64
		{4829BAF4-9CBC-AE42-9903-B27A99C40F6B}.Release|x64.Build.0 = Release|x64
		{4829BAF4-9CBC-AE42-9903-B27A99C40F6B}.Debug|Win32.ActiveCfg = Debug|Win32
		{4829BAF4-9CBC-AE42-9903-B27A99C40F6B}.Debug|Win32.Build.0 = Debug|Win32
		{4829BAF4-9CBC-AE42-9903-B27A99C40F6B}.Debug|x64.ActiveCfg = Debug|x64
		{4829BAF4-9CBC-AE42-9903-B27A99C40F6B}.Debug|x64.Build.0 = Debug|x64
		{F696E675-F410-EB4B-9725-457858104290}.Release|Win32.ActiveCfg = Release|Win32
		{F696E675-F410-EB4B-9725-457858104290}.Release|Win32.Build.0 = Release|Win32
		{F696E675-F410-EB4B-9725-457858104290}.Release|x64.ActiveCfg = Release|x64
		{F696E675-F410-EB4B-9725-457858104290}.Release|x64.Build.0 = Release|x64
		{F696E675-F410-EB4B-9725-457858104290}.Debug|Win32.ActiveCfg = Debug|Win32
		{F696E675-F410-EB4B-9725-457858104290}.Debug|Win32.Build.0 = Debug|Win32
		{F696E675-F410-EB4B-9725-457858104290}.Debug|x64.ActiveCfg = Debug|x64
		{F696E675-F410-EB4B-9725-457858104290}.Debug|x64.Build.0 = Debug|x64
		{EEEE6245-64B4-DA43-AB57-3800EEBFA514}.Release|Win32.ActiveCfg = Release|Win32
		{EEEE6245-64B4-DA43-AB57-3800EEBFA514}.Release|Win32.Build.0 = Release|Win32
		{EEEE6245-64B4-DA43-AB57-3800EEBFA514}.Release|x64.ActiveCfg = Release|x64
		{EEEE6245-64B4-DA43-AB57-3800EEBFA514}.Release|x64.Build.0 = Release|x64
		{EEEE6245-64B4-DA43-AB57-3800EEBFA514}.Debug|Win32.ActiveCfg = Debug|Win32
		{EEEE6245-64B4-DA43-AB57-3800EEBFA514}.Debug|Win32.Build.0 = Debug|Win32
		{EEEE6245-64B4-DA43-AB57-3800EEBFA514}.Debug|x64.ActiveCfg = Debug|x64
		{EEEE6245-64B4-DA43-AB57-3800EEBFA514}.Debug|x64.Build.0 = Debug|x64
		{599D357B-B762-764E-A91D-F3C9D9F5F8A9}.Release|Win32.ActiveCfg = Release|Win32
		{599D357B-B762-764E-A91D-F3C9D9F5F8A9}.Release|Win32.Build.0 = Release|Win32
		{599D357B-B762-764E-A91D-F3C9D9F5F8A9}.Release|x64.ActiveCfg = Release|x64
		{599D357B-B762-764E-A91D-F3C9D9F5F8A9}.Release|x64.Build.0 = Release|x64
		{599D357B-B762-764E-A91D-F3C9D9F5F8A9}.Debug|Win32.ActiveCfg = Debug|Win32
		{599D357B-B762-764E-A91D-F3C9D9F5F8A9}.Debug|Win32.Build.0 = Debug|Win32
		{599D357B-B762-764E-A91D-F3C9D9F5F8A9}.Debug|x64.ActiveCfg = Debug|x64
		{599D357B-B762-764E-A91D-F3C9D9F5F8A9}.Debug|x64.Build.0 = Debug|x64
		{0949C565-9EE3-8949-A819-763BD0BDC143}.Release|Win32.ActiveCfg = Release|Win32
		{0949C565-9EE3-8949-A819-763BD0BDC143}.Release|Win32.Build.0 = Release|Win32
		{0949C565-9EE3-8949-A819-763BD0BDC143}.Release|x64.ActiveCfg = Release|x64
		{0949C565-9EE3-8949-A819-763BD0BDC143}.Release|x64.Build.0 = Release|x64
		{0949C565-9EE3-8949-A819-763BD0BDC143}.Debug|Win32.ActiveCfg = Debug|Win32
		{0949C565-9EE3-8949-A819-763BD0BDC143}.Debug|Win32.Build.0 = Debug|Win32
		{0949C565-9EE3-8949-A819-763BD0BDC143}.Debug|x64.ActiveCfg = Debug|x64
		{0949C565-9EE3-8949-A819-763BD0BDC143}.Debug|x64.Build.0 = Debug|x64
		{8AEBA98D-3BC3-624A-BEF3-CED80B0BEC17}.Release|Win32.ActiveCfg = Release|Win32
		{8AEBA98D-3BC3-624A-BEF3-CED80B0BEC17}.Release|Win32.Build.0 = Release|Win32
		{8AEBA98D-3BC3-624A-BEF3-CED80B0BEC17}.Release|x64.ActiveCfg = Release|x64
		{8AEBA98D-3BC3-624A-BEF3-CED80B0BEC17}.Release|x64.Build.0 = Release|x64
		{8AEBA98D-3BC3-624A-BEF3-CED80B0BEC17}.Debug|Win32.ActiveCfg = Debug|Win32
		{8AEBA98D-3BC3-624A-BEF3-CED80B0BEC17}.Debug|Win32.Build.0 = Debug|Win32
		{8AEBA98D-3BC3-624A-BEF3-CED80B0BEC17}.Debug|x64.ActiveCfg = Debug|x64
		{8AEBA98D-3BC3-624A-BEF3-CED80B0BEC17}.Debug|x64.Build.0 = Debug|x64
		{BC3D6675-4EDA-3D43-8D26-9676A1B1882E}.Release|Win32.ActiveCfg = Release|Win32
		{BC3D6675-4EDA-3D43-8D26-9676A1B1882E}.Release|Win32.Build.0 = Release|Win32
		{BC3D6675-4EDA-3D43-8D26-9676A1B1882E}.Release|x64.ActiveCfg = Release|x64
		{BC3D6675-4EDA-3D43-8D26-9676A1B1882E}.Release|x64.Build.0 = Release|x64
		{BC3D6675-4EDA-3D43-8D26-9676A1B1882E}.Debug|Win32.ActiveCfg = Debug|Win32
		{BC3D6675-4EDA-3D43-8D26-9676A1B1882E}.Debug|Win32.Build.0 = Debug|Win32
		{BC3D6675-4EDA-3D43-8D26-9676A1B1882E}.Debug|x64.ActiveCfg = Debug|x64
		{BC3D6675-4EDA-3D43-8D26-9676A1B1882E}.Debug|x64.Build.0 = Debug|x64
		{59BF10C7-992D-7E42-9872-A54CA34281E7}.Release|Win32.ActiveCfg = Release|Win32
		{59BF10C7-992D-7E42-9872-A54CA34281E7}.Release|Win32.Build.0 = Release|Win32
		{59BF10C7-992D-7E42-9872-A54CA34281E7}.Release|x64.ActiveCfg = Release|x64
		{59BF10C7-992D-7E42-9872-A54CA34281E7}.Release|x64.Build.0 = Release|x64
		{59BF10C7-992D-7E42-9872-A54CA34281E7}.Debug|Win32.ActiveCfg = Debug|Win32
		{59BF10C7-992D-7E42-9872-A54CA34281E7}.Debug|Win32.Build.0 = Debug|Win32
		{59BF10C7-992D-7E42-9872-A54CA34281E7}.Debug|x64.ActiveCfg = Debug|x64
		{59BF10C7-992D-7E42-9872-A54CA34281E7}.Debug|x64.Build.0 = Debug|x64
		{4C3890E2-B9B7-9645-964F-15929AA49A9C}.Release|Win32.ActiveCfg = Release|Win32
		{4C3890E2-B9B7-9645-964F-15929AA49A9C}.Release|Win32.Build.0 = Release|Win32
		{4C3890E2-B9B7-9645-964F-15929AA49A9C}.Release|x64.ActiveCfg = Release|x64
		{4C3890E2-B9B7-9645-964F-15929AA49A9C}.Release|x64.Build.0 = Release|x64
		{4C3890E2-B9B7-9645-964F-15929AA49A9C}.Debug|Win32.ActiveCfg = Debug|Win32
		{4C3890E2-B9B7-9645-964F-15929AA49A9C}.Debug|Win32.Build.0 = Debug|Win32
		{4C3890E2-B9B7-9645-964F-15929AA49A9C}.Debug|x64.ActiveCfg = Debug|x64
		{4C3890E2-B9B7-9645-964F-15929AA49A9C}.Debug|x64.Build.0 = Debug|x64
		{1F60E6AA-55BE-F54F-9859-8BE226F99290}.Release|Win32.ActiveCfg = Release|Win32
		{1F60E6AA-55BE-F54F-9859-8BE226F99290}.Release|Win32.Build.0 = Release|Win32
		{1F60E6AA-55BE-F54F-9859-8BE226F99290}.Release|x64.ActiveCfg = Release|x64
		{1F60E6AA-55BE-F54F-9859-8BE226F99290}.Release|x64.Build.0 = Release|x64
		{1F60E6AA-55BE-F54F-9859-8BE226F99290}.Debug|Win32.ActiveCfg = Debug|Win32
		{1F60E6AA-55BE-F54F-9859-8BE226F99290}.Debug|Win32.Build.0 = Debug|Win32
		{1F60E6AA-55BE-F54F-9859-8BE226F99290}.Debug|x64.ActiveCfg = Debug|x64
		{1F60E6AA-55BE-F54F-9859-8BE226F99290}.Debug|x64.Build.0 = Debug|x64
		{81A7AD97-513F-3C43-B82E-7075B980C236}.Release|Win32.ActiveCfg = Release|Win32
		{81A7AD97-513F-3C43-B82E-7075B980C236}.Release|Win32.Build.0 = Release|Win32
		{81A7AD97-513F-3C43-B82E-7075B980C236}.Release|x64.ActiveCfg = Release|x64
		{81A7AD97-513F-3C43-B82E-7075B980C236}.Release|x64.Build.0 = Release|x64
		{81A7AD97-513F-3C43-B82E-7075B980C236}.Debug|Win32.ActiveCfg = Debug|Win32
		{81A7AD97-513F-3C43-B82E-7075B980C236}.Debug|Win32.Build.0 = Debug|Win32
		{81A7AD97-513F-3C43-B82E-7075B980C236}.Debug|x64.ActiveCfg = Debug|x64
		{81A7AD97-513F-3C43-B82E-7075B980C236}.Debug|x64.Build.0 = Debug|x64
		{6E0763F6-8874-7042-B309-57268F2A3ED1}.Release|Win32.ActiveCfg = Release|Win32
		{6E0763F6-8874-7042-B309-57268F2A3ED1}.Release|Win32.Build.0 = Release|Win32
		{6E0763F6-8874-7042-B309-57268F2A3ED1}.Release|x64.ActiveCfg = Release|x64
		{6E0763F6-8874-7042-B309-57268F2A3ED1}.Release|x64.Build.0 = Release|x64
		{6E0763F6-8874-7042-B309-57268F2A3ED1}.Debug|Win32.ActiveCfg = Debug|Win32
		{6E0763F6-8874-7042-B309-57268F2A3ED1}.Debug|Win32.Build.0 = Debug|Win32
		{6E0763F6-8874-7042-B309-57268F2A3ED1}.Debug|x64.ActiveCfg = Debug|x64
		{6E0763F6-8874-7042-B309-57268F2A3ED1}.Debug|x64.Build.0 = Debug|x64
		{041FCA72-517C-AE40-BB96-BFA18E87AF0C}.Release|Win32.ActiveCfg = Release|Win32
		{041FCA72-517C-AE40-BB96-BFA18E87AF0C}.Release|Win32.Build.0 = Release|Win32
		{041FCA72-517C-AE40-BB96-BFA18E87AF0C}.Release|x64.ActiveCfg = Release|x64
		{041FCA72-517C-AE40-BB96-BFA18E87AF0C}.Release|x64.Build.0 = Release|x64
		{041FCA72-517C-AE40-BB96-BFA18E87AF0C}.Debug|Win32.ActiveCfg = Debug|Win32
		{041FCA72-517C-AE40-BB96-BFA18E87AF0C}.Debug|Win32.Build.0 = Debug|Win32
		{041FCA72-517C-AE40-BB96-BFA18E87AF0C}.Debug|x64.ActiveCfg = Debug|x64
		{041FCA72-517C-AE40-BB96-BFA18E87AF0C}.Debug|x64.Build.0 = Debug|x64
		{C6C5E50F-8016-8948-A230-67C625266B36}.Release|Win32.ActiveCfg = Release|Win32
		{C6C5E50F-8016-8948-A230-67C625266B36}.Release|Win32.Build.0 = Release|Win32
		{C6C5E50F-8016-8948-A230-67C625266B36}.Release|x64.ActiveCfg = Release|x64
		{C6C5E50F-8016-8948-A230-67C625266B36}.Release|x64.Build.0 = Release|x64
		{C6C5E50F-8016-8948-A230-67C625266B36}.Debug|Win32.ActiveCfg = Debug|Win32
		{C6C5E50F-8016-8948-A230-67C625266B36}.Debug|Win32.Build.0 = Debug|Win32
		{C6C5E50F-8016-8948-A230-67C625266B36}.Debug|x64.ActiveCfg = Debug|x64
		{C6C5E50F-8016-8948-A230-67C625266B36}.Debug|x64.Build.0 = Debug|x64
		{5A014F73-C7DC-D84D-B1D9-B5733D83EF51}.Release|Win32.ActiveCfg = Release|Win32
		{5A014F73-C7DC-D84D-B1D9-B5733D83EF51}.Release|Win32.Build.0 = Release|Win32
		{5A014F73-C7DC-D84D-B1D9-B5733D83EF51}.Release|x64.ActiveCfg = Release|x64
		{5A014F73-C7DC-D84D-B1D9-B5733D83EF51}.Release|x64.Build.0 = Release|x64
		{5A014F73-C7DC-D84D-B1D9-B5733D83EF51}.Debug|Win32.ActiveCfg = Debug|Win32
		{5A014F73-C7DC-D84D-B1D9-B5733D83EF51}.Debug|Win32.Build.0 = Debug|Win32
		{5A014F73-C7DC-D84D-B1D9-B5733D83EF51}.Debug|x64.ActiveCfg = Debug|x64
		{5A014F73-C7DC-D84D-B1D9-B5733D83EF51}.Debug|x64.Build.0 = Debug|x64
		{A0938D27-4CF8-7040-98EF-7AE5476653AB}.Release|Win32.ActiveCfg = Release|Win32
		{A0938D27-4CF8-7040-98EF-7AE5476653AB}.Release|Win32.Build.0 = Release|Win32
		{A0938D27-4CF8-7040-98EF-7AE5476653AB}.Release|x64.ActiveCfg = Release|x64
		{A0938D27-4CF8-7040-98EF-7AE5476653AB}.Release|x64.Build.0 = Release|x64
		{A0938D27-4CF8-7040-98EF-7AE5476653AB}.Debug|Win32.ActiveCfg = Debug|Win32
		{A0938D27-4CF8-7040-98EF-7AE5476653AB}.Debug|Win32.Build.0 = Debug|Win32
		{A0938D27-4CF8-7040-98EF-7AE5476653AB}.Debug|x64.ActiveCfg = Debug|x64
		{A0938D27-4CF8-7040-98EF-7AE5476653AB}.Debug|x64.Build.0 = Debug|x64
		{973B3893-E435-0A45-B0A8-1C2399661E42}.Release|Win32.ActiveCfg = Release|Win32
		{973B3893-E435-0A45-B0A8-1C2399661E42}.Release|Win32.Build.0 = Release|Win32
		{973B3893-E435-0A45-B0A8-1C2399661E42}.Release|x64.ActiveCfg = Release|x64
		{973B3893-E435-0A45-B0A8-1C2399661E42}.Release|x64.Build.0 = Release|x64
		{973B3893-E435-0A45-B0A8-1C2399661E42}.Debug|Win32.ActiveCfg = Debug|Win32
		{973B3893-E435-0A45-B0A8-1C2399661E42}.Debug|Win32.Build.0 = Debug|Win32
		{973B3893-E435-0A45-B0A8-1C2399661E42}.Debug|x64.ActiveCfg = Debug|x64
		{973B3893-E435-0A45-B0A8-1C2399661E42}.Debug|x64.Build.0 = Debug|x64
		{FC66954C-56CC-464C-9219-3F206F415E44}.Release|Win32.ActiveCfg = Release|Win32
		{FC66954C-56CC-464C-9219-3F206F415E44}.Release|Win32.Build.0 = Release|Win32
		{FC66954C-56CC-464C-9219-3F206F415E44}.Release|x64.ActiveCfg = Release|x64
		{FC66954C-56CC-464C-9219-3F206F415E44}.Release|x64.Build.0 = Release|x64
		{FC66954C-56CC-464C-9219-3F206F415E44}.Debug|Win32.ActiveCfg = Debug|Win32
		{FC66954C-56CC-464C-9219-3F206F415E44}.Debug|Win32.Build.0 = Debug|Win32
		{FC66954C-56CC-464C-9219-3F206F415E44}.Debug|x64.ActiveCfg = Debug|x64
		{FC66954C-56CC-464C-9219-3F206F415E44}.Debug|x64.Build.0 = Debug|x64
	EndGlobalSection
	GlobalSection(SolutionProperties) = preSolution
		HideSolutionNode = FALSE
	EndGlobalSection
EndGlobal
